
Microsoft Visual Studio Solution File, Format Version 12.00
# Visual Studio Version 17
VisualStudioVersion = 17.8.34525.116
MinimumVisualStudioVersion = 10.0.40219.1
Project("{9A19103F-16F7-4668-BE54-9A1E7A4F7556}") = "ADOWrappers", "ADOWrappers\ADOWrappers.csproj", "{C238D821-F89C-456F-AEE7-F4D0707DC1BE}"
EndProject
Project("{2150E333-8FDC-42A3-9474-1A3956D46DE8}") = "Sample", "Sample", "{B30A0F68-60A0-4906-87B4-55CADC6FC248}"
EndProject
Project("{FAE04EC0-301F-11D3-BF4B-00C04F79EFBC}") = "SampleAPI", "SampleAPI\SampleAPI.csproj", "{A37E96E4-8DFA-436D-B151-A189E99E4C47}"
EndProject
Global
	GlobalSection(SolutionConfigurationPlatforms) = preSolution
		Debug|Any CPU = Debug|Any CPU
		Release|Any CPU = Release|Any CPU
	EndGlobalSection
	GlobalSection(ProjectConfigurationPlatforms) = postSolution
		{C238D821-F89C-456F-AEE7-F4D0707DC1BE}.Debug|Any CPU.ActiveCfg = Debug|Any CPU
		{C238D821-F89C-456F-AEE7-F4D0707DC1BE}.Debug|Any CPU.Build.0 = Debug|Any CPU
		{C238D821-F89C-456F-AEE7-F4D0707DC1BE}.Release|Any CPU.ActiveCfg = Release|Any CPU
		{C238D821-F89C-456F-AEE7-F4D0707DC1BE}.Release|Any CPU.Build.0 = Release|Any CPU
		{A37E96E4-8DFA-436D-B151-A189E99E4C47}.Debug|Any CPU.ActiveCfg = Debug|Any CPU
		{A37E96E4-8DFA-436D-B151-A189E99E4C47}.Debug|Any CPU.Build.0 = Debug|Any CPU
		{A37E96E4-8DFA-436D-B151-A189E99E4C47}.Release|Any CPU.ActiveCfg = Release|Any CPU
		{A37E96E4-8DFA-436D-B151-A189E99E4C47}.Release|Any CPU.Build.0 = Release|Any CPU
	EndGlobalSection
	GlobalSection(SolutionProperties) = preSolution
		HideSolutionNode = FALSE
	EndGlobalSection
	GlobalSection(NestedProjects) = preSolution
		{A37E96E4-8DFA-436D-B151-A189E99E4C47} = {B30A0F68-60A0-4906-87B4-55CADC6FC248}
	EndGlobalSection
	GlobalSection(ExtensibilityGlobals) = postSolution
		SolutionGuid = {FB07DBB0-8A09-47F0-9E99-89A072335318}
	EndGlobalSection
EndGlobal
